
Microsoft Visual Studio Solution File, Format Version 11.00
# Visual Studio 2010
Project("{8BC9CEB8-8B4A-11D0-8D11-00A0C91BC942}") = "test_float_precision", "msvc\test_float_precision\test_float_precision.vcxproj", "{C2839C49-A70A-4367-B63B-57D0603B208F}"
EndProject
Global
	GlobalSection(SolutionConfigurationPlatforms) = preSolution
		Debug|Win32 = Debug|Win32
		Release|Win32 = Release|Win32
	EndGlobalSection
	GlobalSection(ProjectConfigurationPlatforms) = postSolution
		{C2839C49-A70A-4367-B63B-57D0603B208F}.Debug|Win32.ActiveCfg = Debug|Win32
		{C2839C49-A70A-4367-B63B-57D0603B208F}.Debug|Win32.Build.0 = Debug|Win32
		{C2839C49-A70A-4367-B63B-57D0603B208F}.Release|Win32.ActiveCfg = Release|Win32
		{C2839C49-A70A-4367-B63B-57D0603B208F}.Release|Win32.Build.0 = Release|Win32
	EndGlobalSection
	GlobalSection(SolutionProperties) = preSolution
		HideSolutionNode = FALSE
	EndGlobalSection
EndGlobal
